
Microsoft Visual Studio Solution File, Format Version 12.00
# Visual Studio 15
VisualStudioVersion = 15.0.27703.2026
MinimumVisualStudioVersion = 10.0.40219.1
Project("{FAE04EC0-301F-11D3-BF4B-00C04F79EFBC}") = "Chart", "Chart\Chart.csproj", "{31E36BF7-2B91-4CF3-A67A-AA9658B3F744}"
EndProject
Global
	GlobalSection(SolutionConfigurationPlatforms) = preSolution
		Debug|Any CPU = Debug|Any CPU
		Release|Any CPU = Release|Any CPU
	EndGlobalSection
	GlobalSection(ProjectConfigurationPlatforms) = postSolution
		{31E36BF7-2B91-4CF3-A67A-AA9658B3F744}.Debug|Any CPU.ActiveCfg = Debug|Any CPU
		{31E36BF7-2B91-4CF3-A67A-AA9658B3F744}.Debug|Any CPU.Build.0 = Debug|Any CPU
		{31E36BF7-2B91-4CF3-A67A-AA9658B3F744}.Release|Any CPU.ActiveCfg = Release|Any CPU
		{31E36BF7-2B91-4CF3-A67A-AA9658B3F744}.Release|Any CPU.Build.0 = Release|Any CPU
	EndGlobalSection
	GlobalSection(SolutionProperties) = preSolution
		HideSolutionNode = FALSE
	EndGlobalSection
	GlobalSection(ExtensibilityGlobals) = postSolution
		SolutionGuid = {89AAE505-69F9-4C50-A289-D79E94B8B275}
	EndGlobalSection
EndGlobal
