
Microsoft Visual Studio Solution File, Format Version 12.00
# Visual Studio 15
VisualStudioVersion = 15.0.27703.2026
MinimumVisualStudioVersion = 10.0.40219.1
Project("{8BC9CEB8-8B4A-11D0-8D11-00A0C91BC942}") = "DataStructure", "DataStructure\DataStructure.vcxproj", "{909F6C73-719D-4237-BE50-92C4F5D8D7AE}"
EndProject
Global
	GlobalSection(SolutionConfigurationPlatforms) = preSolution
		Debug|x64 = Debug|x64
		Debug|x86 = Debug|x86
		Release|x64 = Release|x64
		Release|x86 = Release|x86
	EndGlobalSection
	GlobalSection(ProjectConfigurationPlatforms) = postSolution
		{909F6C73-719D-4237-BE50-92C4F5D8D7AE}.Debug|x64.ActiveCfg = Debug|x64
		{909F6C73-719D-4237-BE50-92C4F5D8D7AE}.Debug|x64.Build.0 = Debug|x64
		{909F6C73-719D-4237-BE50-92C4F5D8D7AE}.Debug|x86.ActiveCfg = Debug|Win32
		{909F6C73-719D-4237-BE50-92C4F5D8D7AE}.Debug|x86.Build.0 = Debug|Win32
		{909F6C73-719D-4237-BE50-92C4F5D8D7AE}.Release|x64.ActiveCfg = Release|x64
		{909F6C73-719D-4237-BE50-92C4F5D8D7AE}.Release|x64.Build.0 = Release|x64
		{909F6C73-719D-4237-BE50-92C4F5D8D7AE}.Release|x86.ActiveCfg = Release|Win32
		{909F6C73-719D-4237-BE50-92C4F5D8D7AE}.Release|x86.Build.0 = Release|Win32
	EndGlobalSection
	GlobalSection(SolutionProperties) = preSolution
		HideSolutionNode = FALSE
	EndGlobalSection
	GlobalSection(ExtensibilityGlobals) = postSolution
		SolutionGuid = {FE08C32E-DE29-4437-BCE7-A41642BA6AE3}
	EndGlobalSection
EndGlobal
